
Microsoft Visual Studio Solution File, Format Version 12.00
# Visual Studio Version 17
VisualStudioVersion = 17.1.32421.90
MinimumVisualStudioVersion = 10.0.40219.1
Project("{9A19103F-16F7-4668-BE54-9A1E7A4F7556}") = "TranslationProjectManager", "TranslationProjectManager\TranslationProjectManager.csproj", "{694C0515-7289-4378-8AF9-A0F90AADA6EA}"
EndProject
Global
	GlobalSection(SolutionConfigurationPlatforms) = preSolution
		Debug|Any CPU = Debug|Any CPU
		Release|Any CPU = Release|Any CPU
	EndGlobalSection
	GlobalSection(ProjectConfigurationPlatforms) = postSolution
		{694C0515-7289-4378-8AF9-A0F90AADA6EA}.Debug|Any CPU.ActiveCfg = Debug|Any CPU
		{694C0515-7289-4378-8AF9-A0F90AADA6EA}.Debug|Any CPU.Build.0 = Debug|Any CPU
		{694C0515-7289-4378-8AF9-A0F90AADA6EA}.Release|Any CPU.ActiveCfg = Release|Any CPU
		{694C0515-7289-4378-8AF9-A0F90AADA6EA}.Release|Any CPU.Build.0 = Release|Any CPU
	EndGlobalSection
	GlobalSection(SolutionProperties) = preSolution
		HideSolutionNode = FALSE
	EndGlobalSection
	GlobalSection(ExtensibilityGlobals) = postSolution
		SolutionGuid = {57AD69FB-90BF-423C-BB80-747D7DA082D9}
	EndGlobalSection
EndGlobal
